Microsoft Visual Studio Solution File, Format Version 12.00
# Visual Studio Version 17
VisualStudioVersion = 17.5.2.0
MinimumVisualStudioVersion = 10.0.40219.1
Project("{FAE04EC0-301F-11D3-BF4B-00C04F79EFBC}") = "ActivoFijoAPI", "ActivoFijoAPI.csproj", "{C832730C-CEB1-4CC9-C745-B3920C4745F1}"
EndProject
Global
	GlobalSection(SolutionConfigurationPlatforms) = preSolution
		Debug|Any CPU = Debug|Any CPU
		Release|Any CPU = Release|Any CPU
	EndGlobalSection
	GlobalSection(ProjectConfigurationPlatforms) = postSolution
		{C832730C-CEB1-4CC9-C745-B3920C4745F1}.Debug|Any CPU.ActiveCfg = Debug|Any CPU
		{C832730C-CEB1-4CC9-C745-B3920C4745F1}.Debug|Any CPU.Build.0 = Debug|Any CPU
		{C832730C-CEB1-4CC9-C745-B3920C4745F1}.Release|Any CPU.ActiveCfg = Release|Any CPU
		{C832730C-CEB1-4CC9-C745-B3920C4745F1}.Release|Any CPU.Build.0 = Release|Any CPU
	EndGlobalSection
	GlobalSection(SolutionProperties) = preSolution
		HideSolutionNode = FALSE
	EndGlobalSection
	GlobalSection(ExtensibilityGlobals) = postSolution
		SolutionGuid = {58FCD508-1DDC-4C73-988D-5675A23D50AF}
	EndGlobalSection
EndGlobal
